// !$*UTF8*$!
{
	archiveVersion = 1;
	classes = {
	};
	objectVersion = 56;
	objects = {

/* Begin PBXBuildFile section */
		357CE28B29CF9AEB00EF766F /* AppDelegate.swift in Sources */ = {isa = PBXBuildFile; fileRef = 357CE28A29CF9AEB00EF766F /* AppDelegate.swift */; };
		357CE28D29CF9AEB00EF766F /* SceneDelegate.swift in Sources */ = {isa = PBXBuildFile; fileRef = 357CE28C29CF9AEB00EF766F /* SceneDelegate.swift */; };
		357CE28F29CF9AEB00EF766F /* ViewController.swift in Sources */ = {isa = PBXBuildFile; fileRef = 357CE28E29CF9AEB00EF766F /* ViewController.swift */; };
		357CE29229CF9AEB00EF766F /* Main.storyboard in Resources */ = {isa = PBXBuildFile; fileRef = 357CE29029CF9AEB00EF766F /* Main.storyboard */; };
		357CE29429CF9AEC00EF766F /* Assets.xcassets in Resources */ = {isa = PBXBuildFile; fileRef = 357CE29329CF9AEC00EF766F /* Assets.xcassets */; };
		357CE29729CF9AEC00EF766F /* LaunchScreen.storyboard in Resources */ = {isa = PBXBuildFile; fileRef = 357CE29529CF9AEC00EF766F /* LaunchScreen.storyboard */; };
		357CE2A229CF9AEC00EF766F /* Clima_WeatherTests.swift in Sources */ = {isa = PBXBuildFile; fileRef = 357CE2A129CF9AEC00EF766F /* Clima_WeatherTests.swift */; };
		357CE2AC29CF9AEC00EF766F /* Clima_WeatherUITests.swift in Sources */ = {isa = PBXBuildFile; fileRef = 357CE2AB29CF9AEC00EF766F /* Clima_WeatherUITests.swift */; };
		357CE2AE29CF9AEC00EF766F /* Clima_WeatherUITestsLaunchTests.swift in Sources */ = {isa = PBXBuildFile; fileRef = 357CE2AD29CF9AEC00EF766F /* Clima_WeatherUITestsLaunchTests.swift */; };
/* End PBXBuildFile section */

/* Begin PBXContainerItemProxy section */
		357CE29E29CF9AEC00EF766F /* PBXContainerItemProxy */ = {
			isa = PBXContainerItemProxy;
			containerPortal = 357CE27F29CF9AEB00EF766F /* Project object */;
			proxyType = 1;
			remoteGlobalIDString = 357CE28629CF9AEB00EF766F;
			remoteInfo = "Clima Weather";
		};
		357CE2A829CF9AEC00EF766F /* PBXContainerItemProxy */ = {
			isa = PBXContainerItemProxy;
			containerPortal = 357CE27F29CF9AEB00EF766F /* Project object */;
			proxyType = 1;
			remoteGlobalIDString = 357CE28629CF9AEB00EF766F;
			remoteInfo = "Clima Weather";
		};
/* End PBXContainerItemProxy section */

/* Begin PBXFileReference section */
		357CE28729CF9AEB00EF766F /* Clima Weather.app */ = {isa = PBXFileReference; explicitFileType = wrapper.application; includeInIndex = 0; path = "Clima Weather.app"; sourceTree = BUILT_PRODUCTS_DIR; };
		357CE28A29CF9AEB00EF766F /* AppDelegate.swift */ = {isa = PBXFileReference; lastKnownFileType = sourcecode.swift; path = AppDelegate.swift; sourceTree = "<group>"; };
		357CE28C29CF9AEB00EF766F /* SceneDelegate.swift */ = {isa = PBXFileReference; lastKnownFileType = sourcecode.swift; path = SceneDelegate.swift; sourceTree = "<group>"; };
		357CE28E29CF9AEB00EF766F /* ViewController.swift */ = {isa = PBXFileReference; lastKnownFileType = sourcecode.swift; path = ViewController.swift; sourceTree = "<group>"; };
		357CE29129CF9AEB00EF766F /* Base */ = {isa = PBXFileReference; lastKnownFileType = file.storyboard; name = Base; path = Base.lproj/Main.storyboard; sourceTree = "<group>"; };
		357CE29329CF9AEC00EF766F /* Assets.xcassets */ = {isa = PBXFileReference; lastKnownFileType = folder.assetcatalog; path = Assets.xcassets; sourceTree = "<group>"; };
		357CE29629CF9AEC00EF766F /* Base */ = {isa = PBXFileReference; lastKnownFileType = file.storyboard; name = Base; path = Base.lproj/LaunchScreen.storyboard; sourceTree = "<group>"; };
		357CE29829CF9AEC00EF766F /* Info.plist */ = {isa = PBXFileReference; lastKnownFileType = text.plist.xml; path = Info.plist; sourceTree = "<group>"; };
		357CE29D29CF9AEC00EF766F /* Clima WeatherTests.xctest */ = {isa = PBXFileReference; explicitFileType = wrapper.cfbundle; includeInIndex = 0; path = "Clima WeatherTests.xctest"; sourceTree = BUILT_PRODUCTS_DIR; };
		357CE2A129CF9AEC00EF766F /* Clima_WeatherTests.swift */ = {isa = PBXFileReference; lastKnownFileType = sourcecode.swift; path = Clima_WeatherTests.swift; sourceTree = "<group>"; };
		357CE2A729CF9AEC00EF766F /* Clima WeatherUITests.xctest */ = {isa = PBXFileReference; explicitFileType = wrapper.cfbundle; includeInIndex = 0; path = "Clima WeatherUITests.xctest"; sourceTree = BUILT_PRODUCTS_DIR; };
		357CE2AB29CF9AEC00EF766F /* Clima_WeatherUITests.swift */ = {isa = PBXFileReference; lastKnownFileType = sourcecode.swift; path = Clima_WeatherUITests.swift; sourceTree = "<group>"; };
		357CE2AD29CF9AEC00EF766F /* Clima_WeatherUITestsLaunchTests.swift */ = {isa = PBXFileReference; lastKnownFileType = sourcecode.swift; path = Clima_WeatherUITestsLaunchTests.swift; sourceTree = "<group>"; };
/* End PBXFileReference section */

/* Begin PBXFrameworksBuildPhase section */
		357CE28429CF9AEB00EF766F /* Frameworks */ = {
			isa = PBXFrameworksBuildPhase;
			buildActionMask = 2147483647;
			files = (
			);
			runOnlyForDeploymentPostprocessing = 0;
		};
		357CE29A29CF9AEC00EF766F /* Frameworks */ = {
			isa = PBXFrameworksBuildPhase;
			buildActionMask = 2147483647;
			files = (
			);
			runOnlyForDeploymentPostprocessing = 0;
		};
		357CE2A429CF9AEC00EF766F /* Frameworks */ = {
			isa = PBXFrameworksBuildPhase;
			buildActionMask = 2147483647;
			files = (
			);
			runOnlyForDeploymentPostprocessing = 0;
		};
/* End PBXFrameworksBuildPhase section */

/* Begin PBXGroup section */
		357CE27E29CF9AEB00EF766F = {
			isa = PBXGroup;
			children = (
				357CE28929CF9AEB00EF766F /* Clima Weather */,
				357CE2A029CF9AEC00EF766F /* Clima WeatherTests */,
				357CE2AA29CF9AEC00EF766F /* Clima WeatherUITests */,
				357CE28829CF9AEB00EF766F /* Products */,
			);
			sourceTree = "<group>";
		};
		357CE28829CF9AEB00EF766F /* Products */ = {
			isa = PBXGroup;
			children = (
				357CE28729CF9AEB00EF766F /* Clima Weather.app */,
				357CE29D29CF9AEC00EF766F /* Clima WeatherTests.xctest */,
				357CE2A729CF9AEC00EF766F /* Clima WeatherUITests.xctest */,
			);
			name = Products;
			sourceTree = "<group>";
		};
		357CE28929CF9AEB00EF766F /* Clima Weather */ = {
			isa = PBXGroup;
			children = (
				357CE28A29CF9AEB00EF766F /* AppDelegate.swift */,
				357CE28C29CF9AEB00EF766F /* SceneDelegate.swift */,
				357CE28E29CF9AEB00EF766F /* ViewController.swift */,
				357CE29029CF9AEB00EF766F /* Main.storyboard */,
				357CE29329CF9AEC00EF766F /* Assets.xcassets */,
				357CE29529CF9AEC00EF766F /* LaunchScreen.storyboard */,
				357CE29829CF9AEC00EF766F /* Info.plist */,
			);
			path = "Clima Weather";
			sourceTree = "<group>";
		};
		357CE2A029CF9AEC00EF766F /* Clima WeatherTests */ = {
			isa = PBXGroup;
			children = (
				357CE2A129CF9AEC00EF766F /* Clima_WeatherTests.swift */,
			);
			path = "Clima WeatherTests";
			sourceTree = "<group>";
		};
		357CE2AA29CF9AEC00EF766F /* Clima WeatherUITests */ = {
			isa = PBXGroup;
			children = (
				357CE2AB29CF9AEC00EF766F /* Clima_WeatherUITests.swift */,
				357CE2AD29CF9AEC00EF766F /* Clima_WeatherUITestsLaunchTests.swift */,
			);
			path = "Clima WeatherUITests";
			sourceTree = "<group>";
		};
/* End PBXGroup section */

/* Begin PBXNativeTarget section */
		357CE28629CF9AEB00EF766F /* Clima Weather */ = {
			isa = PBXNativeTarget;
			buildConfigurationList = 357CE2B129CF9AEC00EF766F /* Build configuration list for PBXNativeTarget "Clima Weather" */;
			buildPhases = (
				357CE28329CF9AEB00EF766F /* Sources */,
				357CE28429CF9AEB00EF766F /* Frameworks */,
				357CE28529CF9AEB00EF766F /* Resources */,
			);
			buildRules = (
			);
			dependencies = (
			);
			name = "Clima Weather";
			productName = "Clima Weather";
			productReference = 357CE28729CF9AEB00EF766F /* Clima Weather.app */;
			productType = "com.apple.product-type.application";
		};
		357CE29C29CF9AEC00EF766F /* Clima WeatherTests */ = {
			isa = PBXNativeTarget;
			buildConfigurationList = 357CE2B429CF9AEC00EF766F /* Build configuration list for PBXNativeTarget "Clima WeatherTests" */;
			buildPhases = (
				357CE29929CF9AEC00EF766F /* Sources */,
				357CE29A29CF9AEC00EF766F /* Frameworks */,
				357CE29B29CF9AEC00EF766F /* Resources */,
			);
			buildRules = (
			);
			dependencies = (
				357CE29F29CF9AEC00EF766F /* PBXTargetDependency */,
			);
			name = "Clima WeatherTests";
			productName = "Clima WeatherTests";
			productReference = 357CE29D29CF9AEC00EF766F /* Clima WeatherTests.xctest */;
			productType = "com.apple.product-type.bundle.unit-test";
		};
		357CE2A629CF9AEC00EF766F /* Clima WeatherUITests */ = {
			isa = PBXNativeTarget;
			buildConfigurationList = 357CE2B729CF9AEC00EF766F /* Build configuration list for PBXNativeTarget "Clima WeatherUITests" */;
			buildPhases = (
				357CE2A329CF9AEC00EF766F /* Sources */,
				357CE2A429CF9AEC00EF766F /* Frameworks */,
				357CE2A529CF9AEC00EF766F /* Resources */,
			);
			buildRules = (
			);
			dependencies = (
				357CE2A929CF9AEC00EF766F /* PBXTargetDependency */,
			);
			name = "Clima WeatherUITests";
			productName = "Clima WeatherUITests";
			productReference = 357CE2A729CF9AEC00EF766F /* Clima WeatherUITests.xctest */;
			productType = "com.apple.product-type.bundle.ui-testing";
		};
/* End PBXNativeTarget section */

/* Begin PBXProject section */
		357CE27F29CF9AEB00EF766F /* Project object */ = {
			isa = PBXProject;
			attributes = {
				BuildIndependentTargetsInParallel = 1;
				LastSwiftUpdateCheck = 1420;
				LastUpgradeCheck = 1420;
				TargetAttributes = {
					357CE28629CF9AEB00EF766F = {
						CreatedOnToolsVersion = 14.2;
					};
					357CE29C29CF9AEC00EF766F = {
						CreatedOnToolsVersion = 14.2;
						TestTargetID = 357CE28629CF9AEB00EF766F;
					};
					357CE2A629CF9AEC00EF766F = {
						CreatedOnToolsVersion = 14.2;
						TestTargetID = 357CE28629CF9AEB00EF766F;
					};
				};
			};
			buildConfigurationList = 357CE28229CF9AEB00EF766F /* Build configuration list for PBXProject "Clima Weather" */;
			compatibilityVersion = "Xcode 14.0";
			developmentRegion = en;
			hasScannedForEncodings = 0;
			knownRegions = (
				en,
				Base,
			);
			mainGroup = 357CE27E29CF9AEB00EF766F;
			productRefGroup = 357CE28829CF9AEB00EF766F /* Products */;
			projectDirPath = "";
			projectRoot = "";
			targets = (
				357CE28629CF9AEB00EF766F /* Clima Weather */,
				357CE29C29CF9AEC00EF766F /* Clima WeatherTests */,
				357CE2A629CF9AEC00EF766F /* Clima WeatherUITests */,
			);
		};
/* End PBXProject section */

/* Begin PBXResourcesBuildPhase section */
		357CE28529CF9AEB00EF766F /* Resources */ = {
			isa = PBXResourcesBuildPhase;
			buildActionMask = 2147483647;
			files = (
				357CE29729CF9AEC00EF766F /* LaunchScreen.storyboard in Resources */,
				357CE29429CF9AEC00EF766F /* Assets.xcassets in Resources */,
				357CE29229CF9AEB00EF766F /* Main.storyboard in Resources */,
			);
			runOnlyForDeploymentPostprocessing = 0;
		};
		357CE29B29CF9AEC00EF766F /* Resources */ = {
			isa = PBXResourcesBuildPhase;
			buildActionMask = 2147483647;
			files = (
			);
			runOnlyForDeploymentPostprocessing = 0;
		};
		357CE2A529CF9AEC00EF766F /* Resources */ = {
			isa = PBXResourcesBuildPhase;
			buildActionMask = 2147483647;
			files = (
			);
			runOnlyForDeploymentPostprocessing = 0;
		};
/* End PBXResourcesBuildPhase section */

/* Begin PBXSourcesBuildPhase section */
		357CE28329CF9AEB00EF766F /* Sources */ = {
			isa = PBXSourcesBuildPhase;
			buildActionMask = 2147483647;
			files = (
				357CE28F29CF9AEB00EF766F /* ViewController.swift in Sources */,
				357CE28B29CF9AEB00EF766F /* AppDelegate.swift in Sources */,
				357CE28D29CF9AEB00EF766F /* SceneDelegate.swift in Sources */,
			);
			runOnlyForDeploymentPostprocessing = 0;
		};
		357CE29929CF9AEC00EF766F /* Sources */ = {
			isa = PBXSourcesBuildPhase;
			buildActionMask = 2147483647;
			files = (
				357CE2A229CF9AEC00EF766F /* Clima_WeatherTests.swift in Sources */,
			);
			runOnlyForDeploymentPostprocessing = 0;
		};
		357CE2A329CF9AEC00EF766F /* Sources */ = {
			isa = PBXSourcesBuildPhase;
			buildActionMask = 2147483647;
			files = (
				357CE2AE29CF9AEC00EF766F /* Clima_WeatherUITestsLaunchTests.swift in Sources */,
				357CE2AC29CF9AEC00EF766F /* Clima_WeatherUITests.swift in Sources */,
			);
			runOnlyForDeploymentPostprocessing = 0;
		};
/* End PBXSourcesBuildPhase section */

/* Begin PBXTargetDependency section */
		357CE29F29CF9AEC00EF766F /* PBXTargetDependency */ = {
			isa = PBXTargetDependency;
			target = 357CE28629CF9AEB00EF766F /* Clima Weather */;
			targetProxy = 357CE29E29CF9AEC00EF766F /* PBXContainerItemProxy */;
		};
		357CE2A929CF9AEC00EF766F /* PBXTargetDependency */ = {
			isa = PBXTargetDependency;
			target = 357CE28629CF9AEB00EF766F /* Clima Weather */;
			targetProxy = 357CE2A829CF9AEC00EF766F /* PBXContainerItemProxy */;
		};
/* End PBXTargetDependency section */

/* Begin PBXVariantGroup section */
		357CE29029CF9AEB00EF766F /* Main.storyboard */ = {
			isa = PBXVariantGroup;
			children = (
				357CE29129CF9AEB00EF766F /* Base */,
			);
			name = Main.storyboard;
			sourceTree = "<group>";
		};
		357CE29529CF9AEC00EF766F /* LaunchScreen.storyboard */ = {
			isa = PBXVariantGroup;
			children = (
				357CE29629CF9AEC00EF766F /* Base */,
			);
			name = LaunchScreen.storyboard;
			sourceTree = "<group>";
		};
/* End PBXVariantGroup section */

/* Begin XCBuildConfiguration section */
		357CE2AF29CF9AEC00EF766F /* Debug */ = {
			isa = XCBuildConfiguration;
			buildSettings = {
				ALWAYS_SEARCH_USER_PATHS = NO;
				CLANG_ANALYZER_NONNULL = YES;
				CLANG_ANALYZER_NUMBER_OBJECT_CONVERSION = YES_AGGRESSIVE;
				CLANG_CXX_LANGUAGE_STANDARD = "gnu++20";
				CLANG_ENABLE_MODULES = YES;
				CLANG_ENABLE_OBJC_ARC = YES;
				CLANG_ENABLE_OBJC_WEAK = YES;
				CLANG_WARN_BLOCK_CAPTURE_AUTORELEASING = YES;
				CLANG_WARN_BOOL_CONVERSION = YES;
				CLANG_WARN_COMMA = YES;
				CLANG_WARN_CONSTANT_CONVERSION = YES;
				CLANG_WARN_DEPRECATED_OBJC_IMPLEMENTATIONS = YES;
				CLANG_WARN_DIRECT_OBJC_ISA_USAGE = YES_ERROR;
				CLANG_WARN_DOCUMENTATION_COMMENTS = YES;
				CLANG_WARN_EMPTY_BODY = YES;
				CLANG_WARN_ENUM_CONVERSION = YES;
				CLANG_WARN_INFINITE_RECURSION = YES;
				CLANG_WARN_INT_CONVERSION = YES;
				CLANG_WARN_NON_LITERAL_NULL_CONVERSION = YES;
				CLANG_WARN_OBJC_IMPLICIT_RETAIN_SELF = YES;
				CLANG_WARN_OBJC_LITERAL_CONVERSION = YES;
				CLANG_WARN_OBJC_ROOT_CLASS = YES_ERROR;
				CLANG_WARN_QUOTED_INCLUDE_IN_FRAMEWORK_HEADER = YES;
				CLANG_WARN_RANGE_LOOP_ANALYSIS = YES;
				CLANG_WARN_STRICT_PROTOTYPES = YES;
				CLANG_WARN_SUSPICIOUS_MOVE = YES;
				CLANG_WARN_UNGUARDED_AVAILABILITY = YES_AGGRESSIVE;
				CLANG_WARN_UNREACHABLE_CODE = YES;
				CLANG_WARN__DUPLICATE_METHOD_MATCH = YES;
				COPY_PHASE_STRIP = NO;
				DEBUG_INFORMATION_FORMAT = dwarf;
				ENABLE_STRICT_OBJC_MSGSEND = YES;
				ENABLE_TESTABILITY = YES;
				GCC_C_LANGUAGE_STANDARD = gnu11;
				GCC_DYNAMIC_NO_PIC = NO;
				GCC_NO_COMMON_BLOCKS = YES;
				GCC_OPTIMIZATION_LEVEL = 0;
				GCC_PREPROCESSOR_DEFINITIONS = (
					"DEBUG=1",
					"$(inherited)",
				);
				GCC_WARN_64_TO_32_BIT_CONVERSION = YES;
				GCC_WARN_ABOUT_RETURN_TYPE = YES_ERROR;
				GCC_WARN_UNDECLARED_SELECTOR = YES;
				GCC_WARN_UNINITIALIZED_AUTOS = YES_AGGRESSIVE;
				GCC_WARN_UNUSED_FUNCTION = YES;
				GCC_WARN_UNUSED_VARIABLE = YES;
				IPHONEOS_DEPLOYMENT_TARGET = 16.2;
				MTL_ENABLE_DEBUG_INFO = INCLUDE_SOURCE;
				MTL_FAST_MATH = YES;
				ONLY_ACTIVE_ARCH = YES;
				SDKROOT = iphoneos;
				SWIFT_ACTIVE_COMPILATION_CONDITIONS = DEBUG;
				SWIFT_OPTIMIZATION_LEVEL = "-Onone";
			};
			name = Debug;
		};
		357CE2B029CF9AEC00EF766F /* Release */ = {
			isa = XCBuildConfiguration;
			buildSettings = {
				ALWAYS_SEARCH_USER_PATHS = NO;
				CLANG_ANALYZER_NONNULL = YES;
				CLANG_ANALYZER_NUMBER_OBJECT_CONVERSION = YES_AGGRESSIVE;
				CLANG_CXX_LANGUAGE_STANDARD = "gnu++20";
				CLANG_ENABLE_MODULES = YES;
				CLANG_ENABLE_OBJC_ARC = YES;
				CLANG_ENABLE_OBJC_WEAK = YES;
				CLANG_WARN_BLOCK_CAPTURE_AUTORELEASING = YES;
				CLANG_WARN_BOOL_CONVERSION = YES;
				CLANG_WARN_COMMA = YES;
				CLANG_WARN_CONSTANT_CONVERSION = YES;
				CLANG_WARN_DEPRECATED_OBJC_IMPLEMENTATIONS = YES;
				CLANG_WARN_DIRECT_OBJC_ISA_USAGE = YES_ERROR;
				CLANG_WARN_DOCUMENTATION_COMMENTS = YES;
				CLANG_WARN_EMPTY_BODY = YES;
				CLANG_WARN_ENUM_CONVERSION = YES;
				CLANG_WARN_INFINITE_RECURSION = YES;
				CLANG_WARN_INT_CONVERSION = YES;
				CLANG_WARN_NON_LITERAL_NULL_CONVERSION = YES;
				CLANG_WARN_OBJC_IMPLICIT_RETAIN_SELF = YES;
				CLANG_WARN_OBJC_LITERAL_CONVERSION = YES;
				CLANG_WARN_OBJC_ROOT_CLASS = YES_ERROR;
				CLANG_WARN_QUOTED_INCLUDE_IN_FRAMEWORK_HEADER = YES;
				CLANG_WARN_RANGE_LOOP_ANALYSIS = YES;
				CLANG_WARN_STRICT_PROTOTYPES = YES;
				CLANG_WARN_SUSPICIOUS_MOVE = YES;
				CLANG_WARN_UNGUARDED_AVAILABILITY = YES_AGGRESSIVE;
				CLANG_WARN_UNREACHABLE_CODE = YES;
				CLANG_WARN__DUPLICATE_METHOD_MATCH = YES;
				COPY_PHASE_STRIP = NO;
				DEBUG_INFORMATION_FORMAT = "dwarf-with-dsym";
				ENABLE_NS_ASSERTIONS = NO;
				ENABLE_STRICT_OBJC_MSGSEND = YES;
				GCC_C_LANGUAGE_STANDARD = gnu11;
				GCC_NO_COMMON_BLOCKS = YES;
				GCC_WARN_64_TO_32_BIT_CONVERSION = YES;
				GCC_WARN_ABOUT_RETURN_TYPE = YES_ERROR;
				GCC_WARN_UNDECLARED_SELECTOR = YES;
				GCC_WARN_UNINITIALIZED_AUTOS = YES_AGGRESSIVE;
				GCC_WARN_UNUSED_FUNCTION = YES;
				GCC_WARN_UNUSED_VARIABLE = YES;
				IPHONEOS_DEPLOYMENT_TARGET = 16.2;
				MTL_ENABLE_DEBUG_INFO = NO;
				MTL_FAST_MATH = YES;
				SDKROOT = iphoneos;
				SWIFT_COMPILATION_MODE = wholemodule;
				SWIFT_OPTIMIZATION_LEVEL = "-O";
				VALIDATE_PRODUCT = YES;
			};
			name = Release;
		};
		357CE2B229CF9AEC00EF766F /* Debug */ = {
			isa = XCBuildConfiguration;
			buildSettings = {
				ASSETCATALOG_COMPILER_APPICON_NAME = AppIcon;
				ASSETCATALOG_COMPILER_GLOBAL_ACCENT_COLOR_NAME = AccentColor;
				CODE_SIGN_STYLE = Automatic;
				CURRENT_PROJECT_VERSION = 1;
				GENERATE_INFOPLIST_FILE = YES;
				INFOPLIST_FILE = "Clima Weather/Info.plist";
				INFOPLIST_KEY_UIApplicationSupportsIndirectInputEvents = YES;
				INFOPLIST_KEY_UILaunchStoryboardName = LaunchScreen;
				INFOPLIST_KEY_UIMainStoryboardFile = Main;
				INFOPLIST_KEY_UISupportedInterfaceOrientations_iPad = "UIInterfaceOrientationPortrait UIInterfaceOrientationPortraitUpsideDown UIInterfaceOrientationLandscapeLeft UIInterfaceOrientationLandscapeRight";
				INFOPLIST_KEY_UISupportedInterfaceOrientations_iPhone = "UIInterfaceOrientationPortrait UIInterfaceOrientationLandscapeLeft UIInterfaceOrientationLandscapeRight";
				LD_RUNPATH_SEARCH_PATHS = (
					"$(inherited)",
					"@executable_path/Frameworks",
				);
				MARKETING_VERSION = 1.0;
				PRODUCT_BUNDLE_IDENTIFIER = "jj.Clima-Weather";
				PRODUCT_NAME = "$(TARGET_NAME)";
				SWIFT_EMIT_LOC_STRINGS = YES;
				SWIFT_VERSION = 5.0;
				TARGETED_DEVICE_FAMILY = "1,2";
			};
			name = Debug;
		};
		357CE2B329CF9AEC00EF766F /* Release */ = {
			isa = XCBuildConfiguration;
			buildSettings = {
				ASSETCATALOG_COMPILER_APPICON_NAME = AppIcon;
				ASSETCATALOG_COMPILER_GLOBAL_ACCENT_COLOR_NAME = AccentColor;
				CODE_SIGN_STYLE = Automatic;
				CURRENT_PROJECT_VERSION = 1;
				GENERATE_INFOPLIST_FILE = YES;
				INFOPLIST_FILE = "Clima Weather/Info.plist";
				INFOPLIST_KEY_UIApplicationSupportsIndirectInputEvents = YES;
				INFOPLIST_KEY_UILaunchStoryboardName = LaunchScreen;
				INFOPLIST_KEY_UIMainStoryboardFile = Main;
				INFOPLIST_KEY_UISupportedInterfaceOrientations_iPad = "UIInterfaceOrientationPortrait UIInterfaceOrientationPortraitUpsideDown UIInterfaceOrientationLandscapeLeft UIInterfaceOrientationLandscapeRight";
				INFOPLIST_KEY_UISupportedInterfaceOrientations_iPhone = "UIInterfaceOrientationPortrait UIInterfaceOrientationLandscapeLeft UIInterfaceOrientationLandscapeRight";
				LD_RUNPATH_SEARCH_PATHS = (
					"$(inherited)",
					"@executable_path/Frameworks",
				);
				MARKETING_VERSION = 1.0;
				PRODUCT_BUNDLE_IDENTIFIER = "jj.Clima-Weather";
				PRODUCT_NAME = "$(TARGET_NAME)";
				SWIFT_EMIT_LOC_STRINGS = YES;
				SWIFT_VERSION = 5.0;
				TARGETED_DEVICE_FAMILY = "1,2";
			};
			name = Release;
		};
		357CE2B529CF9AEC00EF766F /* Debug */ = {
			isa = XCBuildConfiguration;
			buildSettings = {
				ALWAYS_EMBED_SWIFT_STANDARD_LIBRARIES = YES;
				BUNDLE_LOADER = "$(TEST_HOST)";
				CODE_SIGN_STYLE = Automatic;
				CURRENT_PROJECT_VERSION = 1;
				GENERATE_INFOPLIST_FILE = YES;
				IPHONEOS_DEPLOYMENT_TARGET = 16.2;
				MARKETING_VERSION = 1.0;
				PRODUCT_BUNDLE_IDENTIFIER = "jj.Clima-WeatherTests";
				PRODUCT_NAME = "$(TARGET_NAME)";
				SWIFT_EMIT_LOC_STRINGS = NO;
				SWIFT_VERSION = 5.0;
				TARGETED_DEVICE_FAMILY = "1,2";
				TEST_HOST = "$(BUILT_PRODUCTS_DIR)/Clima Weather.app/$(BUNDLE_EXECUTABLE_FOLDER_PATH)/Clima Weather";
			};
			name = Debug;
		};
		357CE2B629CF9AEC00EF766F /* Release */ = {
			isa = XCBuildConfiguration;
			buildSettings = {
				ALWAYS_EMBED_SWIFT_STANDARD_LIBRARIES = YES;
				BUNDLE_LOADER = "$(TEST_HOST)";
				CODE_SIGN_STYLE = Automatic;
				CURRENT_PROJECT_VERSION = 1;
				GENERATE_INFOPLIST_FILE = YES;
				IPHONEOS_DEPLOYMENT_TARGET = 16.2;
				MARKETING_VERSION = 1.0;
				PRODUCT_BUNDLE_IDENTIFIER = "jj.Clima-WeatherTests";
				PRODUCT_NAME = "$(TARGET_NAME)";
				SWIFT_EMIT_LOC_STRINGS = NO;
				SWIFT_VERSION = 5.0;
				TARGETED_DEVICE_FAMILY = "1,2";
				TEST_HOST = "$(BUILT_PRODUCTS_DIR)/Clima Weather.app/$(BUNDLE_EXECUTABLE_FOLDER_PATH)/Clima Weather";
			};
			name = Release;
		};
		357CE2B829CF9AEC00EF766F /* Debug */ = {
			isa = XCBuildConfiguration;
			buildSettings = {
				ALWAYS_EMBED_SWIFT_STANDARD_LIBRARIES = YES;
				CODE_SIGN_STYLE = Automatic;
				CURRENT_PROJECT_VERSION = 1;
				GENERATE_INFOPLIST_FILE = YES;
				MARKETING_VERSION = 1.0;
				PRODUCT_BUNDLE_IDENTIFIER = "jj.Clima-WeatherUITests";
				PRODUCT_NAME = "$(TARGET_NAME)";
				SWIFT_EMIT_LOC_STRINGS = NO;
				SWIFT_VERSION = 5.0;
				TARGETED_DEVICE_FAMILY = "1,2";
				TEST_TARGET_NAME = "Clima Weather";
			};
			name = Debug;
		};
		357CE2B929CF9AEC00EF766F /* Release */ = {
			isa = XCBuildConfiguration;
			buildSettings = {
				ALWAYS_EMBED_SWIFT_STANDARD_LIBRARIES = YES;
				CODE_SIGN_STYLE = Automatic;
				CURRENT_PROJECT_VERSION = 1;
				GENERATE_INFOPLIST_FILE = YES;
				MARKETING_VERSION = 1.0;
				PRODUCT_BUNDLE_IDENTIFIER = "jj.Clima-WeatherUITests";
				PRODUCT_NAME = "$(TARGET_NAME)";
				SWIFT_EMIT_LOC_STRINGS = NO;
				SWIFT_VERSION = 5.0;
				TARGETED_DEVICE_FAMILY = "1,2";
				TEST_TARGET_NAME = "Clima Weather";
			};
			name = Release;
		};
/* End XCBuildConfiguration section */

/* Begin XCConfigurationList section */
		357CE28229CF9AEB00EF766F /* Build configuration list for PBXProject "Clima Weather" */ = {
			isa = XCConfigurationList;
			buildConfigurations = (
				357CE2AF29CF9AEC00EF766F /* Debug */,
				357CE2B029CF9AEC00EF766F /* Release */,
			);
			defaultConfigurationIsVisible = 0;
			defaultConfigurationName = Release;
		};
		357CE2B129CF9AEC00EF766F /* Build configuration list for PBXNativeTarget "Clima Weather" */ = {
			isa = XCConfigurationList;
			buildConfigurations = (
				357CE2B229CF9AEC00EF766F /* Debug */,
				357CE2B329CF9AEC00EF766F /* Release */,
			);
			defaultConfigurationIsVisible = 0;
			defaultConfigurationName = Release;
		};
		357CE2B429CF9AEC00EF766F /* Build configuration list for PBXNativeTarget "Clima WeatherTests" */ = {
			isa = XCConfigurationList;
			buildConfigurations = (
				357CE2B529CF9AEC00EF766F /* Debug */,
				357CE2B629CF9AEC00EF766F /* Release */,
			);
			defaultConfigurationIsVisible = 0;
			defaultConfigurationName = Release;
		};
		357CE2B729CF9AEC00EF766F /* Build configuration list for PBXNativeTarget "Clima WeatherUITests" */ = {
			isa = XCConfigurationList;
			buildConfigurations = (
				357CE2B829CF9AEC00EF766F /* Debug */,
				357CE2B929CF9AEC00EF766F /* Release */,
			);
			defaultConfigurationIsVisible = 0;
			defaultConfigurationName = Release;
		};
/* End XCConfigurationList section */
	};
	rootObject = 357CE27F29CF9AEB00EF766F /* Project object */;
}
